# This file is automatically @generated by Cargo.
# It is not intended for manual editing.
version = 3

[[package]]
name = "bitboard64"
version = "0.1.0"
source = "git+https://github.com/ijagberg/bitboard?branch=develop#c076e1fd9843bb8b3e4017b98127fff10f1004ac"
dependencies = [
 "chesspos",
]

[[package]]
name = "chess"
version = "0.1.0"
dependencies = [
 "bitboard64",
]

[[package]]
name = "chesspos"
version = "0.1.1"
source = "git+https://github.com/ijagberg/chesspos?branch=develop#9070a468230ab25aab77b8c1671f5495846ce354"
