# This file is automatically @generated by Cargo.
# It is not intended for manual editing.
[[package]]
name = "bytes"
version = "1.0.1"
source = "registry+https://github.com/rust-lang/crates.io-index"
checksum = "b700ce4376041dcd0a327fd0097c41095743c4c8af8887265942faf1100bd040"

[[package]]
name = "chess"
version = "0.1.0"
dependencies = [
 "bytes",
 "simple-grid",
]

[[package]]
name = "simple-grid"
version = "2.0.0"
source = "registry+https://github.com/rust-lang/crates.io-index"
checksum = "44eb4f005bccc874c0fb1458f9ed037d9da7f9a401e82ed42ef8e5b1447f675f"
